
Microsoft Visual Studio Solution File, Format Version 12.00
# Visual Studio Version 17
VisualStudioVersion = 17.8.34408.163
MinimumVisualStudioVersion = 10.0.40219.1
Project("{FAE04EC0-301F-11D3-BF4B-00C04F79EFBC}") = "WebRestoAPI", "WebRestoAPI\WebRestoAPI.csproj", "{C2232A93-8633-4185-831C-C2A72EDA84B0}"
EndProject
Global
	GlobalSection(SolutionConfigurationPlatforms) = preSolution
		Debug|Any CPU = Debug|Any CPU
		Release|Any CPU = Release|Any CPU
	EndGlobalSection
	GlobalSection(ProjectConfigurationPlatforms) = postSolution
		{C2232A93-8633-4185-831C-C2A72EDA84B0}.Debug|Any CPU.ActiveCfg = Debug|Any CPU
		{C2232A93-8633-4185-831C-C2A72EDA84B0}.Debug|Any CPU.Build.0 = Debug|Any CPU
		{C2232A93-8633-4185-831C-C2A72EDA84B0}.Release|Any CPU.ActiveCfg = Release|Any CPU
		{C2232A93-8633-4185-831C-C2A72EDA84B0}.Release|Any CPU.Build.0 = Release|Any CPU
	EndGlobalSection
	GlobalSection(SolutionProperties) = preSolution
		HideSolutionNode = FALSE
	EndGlobalSection
	GlobalSection(ExtensibilityGlobals) = postSolution
		SolutionGuid = {E69D8A86-A22C-4243-802F-DBA9D476E4A0}
	EndGlobalSection
EndGlobal
